
Microsoft Visual Studio Solution File, Format Version 12.00
Project("{FAE04EC0-301F-11D3-BF4B-00C04F79EFBC}") = "ScannerApp", "ScannerApp\ScannerApp.csproj", "{18935910-1681-4815-BC03-34DCDAA6F805}"
EndProject
Global
	GlobalSection(SolutionConfigurationPlatforms) = preSolution
		Debug|Any CPU = Debug|Any CPU
		Release|Any CPU = Release|Any CPU
	EndGlobalSection
	GlobalSection(ProjectConfigurationPlatforms) = postSolution
		{18935910-1681-4815-BC03-34DCDAA6F805}.Debug|Any CPU.ActiveCfg = Debug|Any CPU
		{18935910-1681-4815-BC03-34DCDAA6F805}.Debug|Any CPU.Build.0 = Debug|Any CPU
		{18935910-1681-4815-BC03-34DCDAA6F805}.Release|Any CPU.ActiveCfg = Release|Any CPU
		{18935910-1681-4815-BC03-34DCDAA6F805}.Release|Any CPU.Build.0 = Release|Any CPU
	EndGlobalSection
EndGlobal
